// !$*UTF8*$!
{
	archiveVersion = 1;
	classes = {
	};
	objectVersion = 46;
	objects = {

/* Begin PBXBuildFile section */
		764D1F931F5E182D003F3776 /* about.png in Resources */ = {isa = PBXBuildFile; fileRef = 764D1F921F5E182D003F3776 /* about.png */; };
		764D1F951F5E2F83003F3776 /* default_photo.png in Resources */ = {isa = PBXBuildFile; fileRef = 764D1F941F5E2F83003F3776 /* default_photo.png */; };
		764D1F9A1F5E87FB003F3776 /* white_overlay .png in Resources */ = {isa = PBXBuildFile; fileRef = 764D1F991F5E87FB003F3776 /* white_overlay .png */; };
		76F7A6AB1F29152300C51FE1 /* loading6sp.png in Resources */ = {isa = PBXBuildFile; fileRef = 76F7A6AA1F29152300C51FE1 /* loading6sp.png */; };
		76F7A6AD1F29171F00C51FE1 /* bgc.png in Resources */ = {isa = PBXBuildFile; fileRef = 76F7A6AC1F29171F00C51FE1 /* bgc.png */; };
		76F7A6B01F29CC9F00C51FE1 /* DETECT.png in Resources */ = {isa = PBXBuildFile; fileRef = 76F7A6AF1F29CC9F00C51FE1 /* DETECT.png */; };
		76F7A6B21F29CCA600C51FE1 /* HISTORY.png in Resources */ = {isa = PBXBuildFile; fileRef = 76F7A6B11F29CCA600C51FE1 /* HISTORY.png */; };
		76F7A6B41F29CCAD00C51FE1 /* HOWTOUSE.png in Resources */ = {isa = PBXBuildFile; fileRef = 76F7A6B31F29CCAD00C51FE1 /* HOWTOUSE.png */; };
		76F7A6B61F29CCB300C51FE1 /* DELETE.png in Resources */ = {isa = PBXBuildFile; fileRef = 76F7A6B51F29CCB300C51FE1 /* DELETE.png */; };
		76F7A6B81F29CCC200C51FE1 /* connectivity-bar.png in Resources */ = {isa = PBXBuildFile; fileRef = 76F7A6B71F29CCC200C51FE1 /* connectivity-bar.png */; };
		833861F71F45270000C279CF /* eyeoutline.png in Resources */ = {isa = PBXBuildFile; fileRef = 833861F61F45270000C279CF /* eyeoutline.png */; };
		838D6CCA1F15B42F00747CA4 /* AppDelegate.swift in Sources */ = {isa = PBXBuildFile; fileRef = 838D6CC91F15B42F00747CA4 /* AppDelegate.swift */; };
		838D6CCC1F15B42F00747CA4 /* ViewController.swift in Sources */ = {isa = PBXBuildFile; fileRef = 838D6CCB1F15B42F00747CA4 /* ViewController.swift */; };
		838D6CCF1F15B42F00747CA4 /* Main.storyboard in Resources */ = {isa = PBXBuildFile; fileRef = 838D6CCD1F15B42F00747CA4 /* Main.storyboard */; };
		838D6CD11F15B42F00747CA4 /* Assets.xcassets in Resources */ = {isa = PBXBuildFile; fileRef = 838D6CD01F15B42F00747CA4 /* Assets.xcassets */; };
		838D6CD41F15B42F00747CA4 /* LaunchScreen.storyboard in Resources */ = {isa = PBXBuildFile; fileRef = 838D6CD21F15B42F00747CA4 /* LaunchScreen.storyboard */; };
		838D6CDF1F15B42F00747CA4 /* PupillometerTests.swift in Sources */ = {isa = PBXBuildFile; fileRef = 838D6CDE1F15B42F00747CA4 /* PupillometerTests.swift */; };
		838D6CEA1F15B42F00747CA4 /* PupillometerUITests.swift in Sources */ = {isa = PBXBuildFile; fileRef = 838D6CE91F15B42F00747CA4 /* PupillometerUITests.swift */; };
		83960DFB1F32A7E30075F490 /* OpenCVWrapper.mm in Sources */ = {isa = PBXBuildFile; fileRef = 83960DFA1F32A7E30075F490 /* OpenCVWrapper.mm */; };
		83F2020D1F3AA8E5000CBC36 /* step1.png in Resources */ = {isa = PBXBuildFile; fileRef = 83F202091F3AA8E5000CBC36 /* step1.png */; };
		83F2020E1F3AA8E5000CBC36 /* step2.png in Resources */ = {isa = PBXBuildFile; fileRef = 83F2020A1F3AA8E5000CBC36 /* step2.png */; };
		83F2020F1F3AA8E5000CBC36 /* step3.png in Resources */ = {isa = PBXBuildFile; fileRef = 83F2020B1F3AA8E5000CBC36 /* step3.png */; };
		83F202101F3AA8E5000CBC36 /* step4.png in Resources */ = {isa = PBXBuildFile; fileRef = 83F2020C1F3AA8E5000CBC36 /* step4.png */; };
		EB2608401F3FCF8100DEEFD0 /* ImportViewController.swift in Sources */ = {isa = PBXBuildFile; fileRef = EB26083F1F3FCF8100DEEFD0 /* ImportViewController.swift */; };
		EB47F2E01F39F4660044D926 /* FirstCropViewController.swift in Sources */ = {isa = PBXBuildFile; fileRef = EB47F2DE1F39F4660044D926 /* FirstCropViewController.swift */; };
		EB47F2E31F39F47C0044D926 /* SecondCropViewController.swift in Sources */ = {isa = PBXBuildFile; fileRef = EB47F2E21F39F47C0044D926 /* SecondCropViewController.swift */; };
		EB47F2E51F39F9FA0044D926 /* ResultsViewController.swift in Sources */ = {isa = PBXBuildFile; fileRef = EB47F2E41F39F9FA0044D926 /* ResultsViewController.swift */; };
		EB7356C21F5BA096009E0241 /* sliderViewController.swift in Sources */ = {isa = PBXBuildFile; fileRef = EB7356C11F5BA096009E0241 /* sliderViewController.swift */; };
		EB8FC6661F542B83009E30BC /* HowToViewController.swift in Sources */ = {isa = PBXBuildFile; fileRef = EB8FC6651F542B83009E30BC /* HowToViewController.swift */; };
		EB8FC6681F542D4F009E30BC /* customCell.swift in Sources */ = {isa = PBXBuildFile; fileRef = EB8FC6671F542D4F009E30BC /* customCell.swift */; };
		EB8FC6721F556E73009E30BC /* STEP_2.PNG in Resources */ = {isa = PBXBuildFile; fileRef = EB8FC6691F556E73009E30BC /* STEP_2.PNG */; };
		EB8FC6731F556E73009E30BC /* STEP_3.PNG in Resources */ = {isa = PBXBuildFile; fileRef = EB8FC66A1F556E73009E30BC /* STEP_3.PNG */; };
		EB8FC6741F556E73009E30BC /* STEP_4.PNG in Resources */ = {isa = PBXBuildFile; fileRef = EB8FC66B1F556E73009E30BC /* STEP_4.PNG */; };
		EB8FC6751F556E73009E30BC /* STEP_5.PNG in Resources */ = {isa = PBXBuildFile; fileRef = EB8FC66C1F556E73009E30BC /* STEP_5.PNG */; };
		EB8FC6761F556E73009E30BC /* STEP_6.PNG in Resources */ = {isa = PBXBuildFile; fileRef = EB8FC66D1F556E73009E30BC /* STEP_6.PNG */; };
		EB8FC6771F556E73009E30BC /* STEP_7.PNG in Resources */ = {isa = PBXBuildFile; fileRef = EB8FC66E1F556E73009E30BC /* STEP_7.PNG */; };
		EB8FC6781F556E73009E30BC /* STEP_8.PNG in Resources */ = {isa = PBXBuildFile; fileRef = EB8FC66F1F556E73009E30BC /* STEP_8.PNG */; };
		EB8FC6791F556E73009E30BC /* STEP_9.PNG in Resources */ = {isa = PBXBuildFile; fileRef = EB8FC6701F556E73009E30BC /* STEP_9.PNG */; };
		EB8FC67A1F556E73009E30BC /* STEP_10.PNG in Resources */ = {isa = PBXBuildFile; fileRef = EB8FC6711F556E73009E30BC /* STEP_10.PNG */; };
		EBB042441F49273100061432 /* HistoryTableViewController.swift in Sources */ = {isa = PBXBuildFile; fileRef = EBB042431F49273100061432 /* HistoryTableViewController.swift */; };
		EBB042471F49322200061432 /* Pupillometer.xcdatamodeld in Sources */ = {isa = PBXBuildFile; fileRef = EBB042451F49322200061432 /* Pupillometer.xcdatamodeld */; };
		EBB042491F4937E000061432 /* PersonPageViewController.swift in Sources */ = {isa = PBXBuildFile; fileRef = EBB042481F4937E000061432 /* PersonPageViewController.swift */; };
		EBB0424B1F495AC400061432 /* opencv2.framework in Frameworks */ = {isa = PBXBuildFile; fileRef = EBB0424A1F495AC400061432 /* opencv2.framework */; };
/* End PBXBuildFile section */

/* Begin PBXContainerItemProxy section */
		838D6CDB1F15B42F00747CA4 /* PBXContainerItemProxy */ = {
			isa = PBXContainerItemProxy;
			containerPortal = 838D6CBE1F15B42F00747CA4 /* Project object */;
			proxyType = 1;
			remoteGlobalIDString = 838D6CC51F15B42F00747CA4;
			remoteInfo = Pupillometer;
		};
		838D6CE61F15B42F00747CA4 /* PBXContainerItemProxy */ = {
			isa = PBXContainerItemProxy;
			containerPortal = 838D6CBE1F15B42F00747CA4 /* Project object */;
			proxyType = 1;
			remoteGlobalIDString = 838D6CC51F15B42F00747CA4;
			remoteInfo = Pupillometer;
		};
/* End PBXContainerItemProxy section */

/* Begin PBXFileReference section */
		764D1F921F5E182D003F3776 /* about.png */ = {isa = PBXFileReference; lastKnownFileType = image.png; path = about.png; sourceTree = "<group>"; };
		764D1F941F5E2F83003F3776 /* default_photo.png */ = {isa = PBXFileReference; lastKnownFileType = image.png; path = default_photo.png; sourceTree = "<group>"; };
		764D1F991F5E87FB003F3776 /* white_overlay .png */ = {isa = PBXFileReference; lastKnownFileType = image.png; path = "white_overlay .png"; sourceTree = "<group>"; };
		76F7A6AA1F29152300C51FE1 /* loading6sp.png */ = {isa = PBXFileReference; lastKnownFileType = image.png; path = loading6sp.png; sourceTree = "<group>"; };
		76F7A6AC1F29171F00C51FE1 /* bgc.png */ = {isa = PBXFileReference; lastKnownFileType = image.png; path = bgc.png; sourceTree = "<group>"; };
		76F7A6AF1F29CC9F00C51FE1 /* DETECT.png */ = {isa = PBXFileReference; lastKnownFileType = image.png; path = DETECT.png; sourceTree = "<group>"; };
		76F7A6B11F29CCA600C51FE1 /* HISTORY.png */ = {isa = PBXFileReference; lastKnownFileType = image.png; path = HISTORY.png; sourceTree = "<group>"; };
		76F7A6B31F29CCAD00C51FE1 /* HOWTOUSE.png */ = {isa = PBXFileReference; lastKnownFileType = image.png; path = HOWTOUSE.png; sourceTree = "<group>"; };
		76F7A6B51F29CCB300C51FE1 /* DELETE.png */ = {isa = PBXFileReference; lastKnownFileType = image.png; path = DELETE.png; sourceTree = "<group>"; };
		76F7A6B71F29CCC200C51FE1 /* connectivity-bar.png */ = {isa = PBXFileReference; lastKnownFileType = image.png; path = "connectivity-bar.png"; sourceTree = "<group>"; };
		833861F61F45270000C279CF /* eyeoutline.png */ = {isa = PBXFileReference; lastKnownFileType = image.png; path = eyeoutline.png; sourceTree = "<group>"; };
		838D6CC61F15B42F00747CA4 /* Pupillometer.app */ = {isa = PBXFileReference; explicitFileType = wrapper.application; includeInIndex = 0; path = Pupillometer.app; sourceTree = BUILT_PRODUCTS_DIR; };
		838D6CC91F15B42F00747CA4 /* AppDelegate.swift */ = {isa = PBXFileReference; lastKnownFileType = sourcecode.swift; path = AppDelegate.swift; sourceTree = "<group>"; };
		838D6CCB1F15B42F00747CA4 /* ViewController.swift */ = {isa = PBXFileReference; lastKnownFileType = sourcecode.swift; path = ViewController.swift; sourceTree = "<group>"; };
		838D6CCE1F15B42F00747CA4 /* Base */ = {isa = PBXFileReference; lastKnownFileType = file.storyboard; name = Base; path = Base.lproj/Main.storyboard; sourceTree = "<group>"; };
		838D6CD01F15B42F00747CA4 /* Assets.xcassets */ = {isa = PBXFileReference; lastKnownFileType = folder.assetcatalog; path = Assets.xcassets; sourceTree = "<group>"; };
		838D6CD31F15B42F00747CA4 /* Base */ = {isa = PBXFileReference; lastKnownFileType = file.storyboard; name = Base; path = Base.lproj/LaunchScreen.storyboard; sourceTree = "<group>"; };
		838D6CD51F15B42F00747CA4 /* Info.plist */ = {isa = PBXFileReference; lastKnownFileType = text.plist.xml; path = Info.plist; sourceTree = "<group>"; };
		838D6CDA1F15B42F00747CA4 /* PupillometerTests.xctest */ = {isa = PBXFileReference; explicitFileType = wrapper.cfbundle; includeInIndex = 0; path = PupillometerTests.xctest; sourceTree = BUILT_PRODUCTS_DIR; };
		838D6CDE1F15B42F00747CA4 /* PupillometerTests.swift */ = {isa = PBXFileReference; lastKnownFileType = sourcecode.swift; path = PupillometerTests.swift; sourceTree = "<group>"; };
		838D6CE01F15B42F00747CA4 /* Info.plist */ = {isa = PBXFileReference; lastKnownFileType = text.plist.xml; path = Info.plist; sourceTree = "<group>"; };
		838D6CE51F15B42F00747CA4 /* PupillometerUITests.xctest */ = {isa = PBXFileReference; explicitFileType = wrapper.cfbundle; includeInIndex = 0; path = PupillometerUITests.xctest; sourceTree = BUILT_PRODUCTS_DIR; };
		838D6CE91F15B42F00747CA4 /* PupillometerUITests.swift */ = {isa = PBXFileReference; lastKnownFileType = sourcecode.swift; path = PupillometerUITests.swift; sourceTree = "<group>"; };
		838D6CEB1F15B42F00747CA4 /* Info.plist */ = {isa = PBXFileReference; lastKnownFileType = text.plist.xml; path = Info.plist; sourceTree = "<group>"; };
		83960DF81F32A7E30075F490 /* Pupillometer-Bridging-Header.h */ = {isa = PBXFileReference; lastKnownFileType = sourcecode.c.h; path = "Pupillometer-Bridging-Header.h"; sourceTree = "<group>"; };
		83960DF91F32A7E30075F490 /* OpenCVWrapper.h */ = {isa = PBXFileReference; fileEncoding = 4; lastKnownFileType = sourcecode.c.h; path = OpenCVWrapper.h; sourceTree = "<group>"; };
		83960DFA1F32A7E30075F490 /* OpenCVWrapper.mm */ = {isa = PBXFileReference; fileEncoding = 4; lastKnownFileType = sourcecode.cpp.objcpp; path = OpenCVWrapper.mm; sourceTree = "<group>"; };
		83F202091F3AA8E5000CBC36 /* step1.png */ = {isa = PBXFileReference; lastKnownFileType = image.png; path = step1.png; sourceTree = "<group>"; };
		83F2020A1F3AA8E5000CBC36 /* step2.png */ = {isa = PBXFileReference; lastKnownFileType = image.png; path = step2.png; sourceTree = "<group>"; };
		83F2020B1F3AA8E5000CBC36 /* step3.png */ = {isa = PBXFileReference; lastKnownFileType = image.png; path = step3.png; sourceTree = "<group>"; };
		83F2020C1F3AA8E5000CBC36 /* step4.png */ = {isa = PBXFileReference; lastKnownFileType = image.png; path = step4.png; sourceTree = "<group>"; };
		EB26083F1F3FCF8100DEEFD0 /* ImportViewController.swift */ = {isa = PBXFileReference; fileEncoding = 4; lastKnownFileType = sourcecode.swift; path = ImportViewController.swift; sourceTree = "<group>"; };
		EB47F2DE1F39F4660044D926 /* FirstCropViewController.swift */ = {isa = PBXFileReference; fileEncoding = 4; lastKnownFileType = sourcecode.swift; path = FirstCropViewController.swift; sourceTree = "<group>"; };
		EB47F2E21F39F47C0044D926 /* SecondCropViewController.swift */ = {isa = PBXFileReference; fileEncoding = 4; lastKnownFileType = sourcecode.swift; path = SecondCropViewController.swift; sourceTree = "<group>"; };
		EB47F2E41F39F9FA0044D926 /* ResultsViewController.swift */ = {isa = PBXFileReference; fileEncoding = 4; lastKnownFileType = sourcecode.swift; path = ResultsViewController.swift; sourceTree = "<group>"; };
		EB7356C11F5BA096009E0241 /* sliderViewController.swift */ = {isa = PBXFileReference; fileEncoding = 4; lastKnownFileType = sourcecode.swift; path = sliderViewController.swift; sourceTree = "<group>"; };
		EB8FC6651F542B83009E30BC /* HowToViewController.swift */ = {isa = PBXFileReference; fileEncoding = 4; lastKnownFileType = sourcecode.swift; path = HowToViewController.swift; sourceTree = "<group>"; };
		EB8FC6671F542D4F009E30BC /* customCell.swift */ = {isa = PBXFileReference; fileEncoding = 4; lastKnownFileType = sourcecode.swift; path = customCell.swift; sourceTree = "<group>"; };
		EB8FC6691F556E73009E30BC /* STEP_2.PNG */ = {isa = PBXFileReference; lastKnownFileType = image.png; path = STEP_2.PNG; sourceTree = "<group>"; };
		EB8FC66A1F556E73009E30BC /* STEP_3.PNG */ = {isa = PBXFileReference; lastKnownFileType = image.png; path = STEP_3.PNG; sourceTree = "<group>"; };
		EB8FC66B1F556E73009E30BC /* STEP_4.PNG */ = {isa = PBXFileReference; lastKnownFileType = image.png; path = STEP_4.PNG; sourceTree = "<group>"; };
		EB8FC66C1F556E73009E30BC /* STEP_5.PNG */ = {isa = PBXFileReference; lastKnownFileType = image.png; path = STEP_5.PNG; sourceTree = "<group>"; };
		EB8FC66D1F556E73009E30BC /* STEP_6.PNG */ = {isa = PBXFileReference; lastKnownFileType = image.png; path = STEP_6.PNG; sourceTree = "<group>"; };
		EB8FC66E1F556E73009E30BC /* STEP_7.PNG */ = {isa = PBXFileReference; lastKnownFileType = image.png; path = STEP_7.PNG; sourceTree = "<group>"; };
		EB8FC66F1F556E73009E30BC /* STEP_8.PNG */ = {isa = PBXFileReference; lastKnownFileType = image.png; path = STEP_8.PNG; sourceTree = "<group>"; };
		EB8FC6701F556E73009E30BC /* STEP_9.PNG */ = {isa = PBXFileReference; lastKnownFileType = image.png; path = STEP_9.PNG; sourceTree = "<group>"; };
		EB8FC6711F556E73009E30BC /* STEP_10.PNG */ = {isa = PBXFileReference; lastKnownFileType = image.png; path = STEP_10.PNG; sourceTree = "<group>"; };
		EBB042431F49273100061432 /* HistoryTableViewController.swift */ = {isa = PBXFileReference; fileEncoding = 4; lastKnownFileType = sourcecode.swift; path = HistoryTableViewController.swift; sourceTree = "<group>"; };
		EBB042461F49322200061432 /* Pupillometer.xcdatamodel */ = {isa = PBXFileReference; lastKnownFileType = wrapper.xcdatamodel; path = Pupillometer.xcdatamodel; sourceTree = "<group>"; };
		EBB042481F4937E000061432 /* PersonPageViewController.swift */ = {isa = PBXFileReference; fileEncoding = 4; lastKnownFileType = sourcecode.swift; path = PersonPageViewController.swift; sourceTree = "<group>"; };
		EBB0424A1F495AC400061432 /* opencv2.framework */ = {isa = PBXFileReference; lastKnownFileType = wrapper.framework; path = opencv2.framework; sourceTree = "<group>"; };
/* End PBXFileReference section */

/* Begin PBXFrameworksBuildPhase section */
		838D6CC31F15B42F00747CA4 /* Frameworks */ = {
			isa = PBXFrameworksBuildPhase;
			buildActionMask = 2147483647;
			files = (
				EBB0424B1F495AC400061432 /* opencv2.framework in Frameworks */,
			);
			runOnlyForDeploymentPostprocessing = 0;
		};
		838D6CD71F15B42F00747CA4 /* Frameworks */ = {
			isa = PBXFrameworksBuildPhase;
			buildActionMask = 2147483647;
			files = (
			);
			runOnlyForDeploymentPostprocessing = 0;
		};
		838D6CE21F15B42F00747CA4 /* Frameworks */ = {
			isa = PBXFrameworksBuildPhase;
			buildActionMask = 2147483647;
			files = (
			);
			runOnlyForDeploymentPostprocessing = 0;
		};
/* End PBXFrameworksBuildPhase section */

/* Begin PBXGroup section */
		76F7A6AE1F29A5B500C51FE1 /* images */ = {
			isa = PBXGroup;
			children = (
				764D1F941F5E2F83003F3776 /* default_photo.png */,
				764D1F921F5E182D003F3776 /* about.png */,
				EB8FC6691F556E73009E30BC /* STEP_2.PNG */,
				EB8FC66A1F556E73009E30BC /* STEP_3.PNG */,
				EB8FC66B1F556E73009E30BC /* STEP_4.PNG */,
				EB8FC66C1F556E73009E30BC /* STEP_5.PNG */,
				EB8FC66D1F556E73009E30BC /* STEP_6.PNG */,
				EB8FC66E1F556E73009E30BC /* STEP_7.PNG */,
				EB8FC66F1F556E73009E30BC /* STEP_8.PNG */,
				EB8FC6701F556E73009E30BC /* STEP_9.PNG */,
				EB8FC6711F556E73009E30BC /* STEP_10.PNG */,
				764D1F991F5E87FB003F3776 /* white_overlay .png */,
				833861F61F45270000C279CF /* eyeoutline.png */,
				83F202091F3AA8E5000CBC36 /* step1.png */,
				83F2020A1F3AA8E5000CBC36 /* step2.png */,
				83F2020B1F3AA8E5000CBC36 /* step3.png */,
				83F2020C1F3AA8E5000CBC36 /* step4.png */,
				76F7A6AA1F29152300C51FE1 /* loading6sp.png */,
				76F7A6B71F29CCC200C51FE1 /* connectivity-bar.png */,
				76F7A6B51F29CCB300C51FE1 /* DELETE.png */,
				76F7A6B31F29CCAD00C51FE1 /* HOWTOUSE.png */,
				76F7A6B11F29CCA600C51FE1 /* HISTORY.png */,
				76F7A6AF1F29CC9F00C51FE1 /* DETECT.png */,
				76F7A6AC1F29171F00C51FE1 /* bgc.png */,
			);
			name = images;
			sourceTree = "<group>";
		};
		838D6CBD1F15B42F00747CA4 = {
			isa = PBXGroup;
			children = (
				838D6CC81F15B42F00747CA4 /* Pupillometer */,
				838D6CDD1F15B42F00747CA4 /* PupillometerTests */,
				838D6CE81F15B42F00747CA4 /* PupillometerUITests */,
				838D6CC71F15B42F00747CA4 /* Products */,
			);
			sourceTree = "<group>";
		};
		838D6CC71F15B42F00747CA4 /* Products */ = {
			isa = PBXGroup;
			children = (
				838D6CC61F15B42F00747CA4 /* Pupillometer.app */,
				838D6CDA1F15B42F00747CA4 /* PupillometerTests.xctest */,
				838D6CE51F15B42F00747CA4 /* PupillometerUITests.xctest */,
			);
			name = Products;
			sourceTree = "<group>";
		};
		838D6CC81F15B42F00747CA4 /* Pupillometer */ = {
			isa = PBXGroup;
			children = (
				EBB0424A1F495AC400061432 /* opencv2.framework */,
				76F7A6AE1F29A5B500C51FE1 /* images */,
				838D6CC91F15B42F00747CA4 /* AppDelegate.swift */,
				838D6CCD1F15B42F00747CA4 /* Main.storyboard */,
				838D6CD01F15B42F00747CA4 /* Assets.xcassets */,
				838D6CD21F15B42F00747CA4 /* LaunchScreen.storyboard */,
				838D6CD51F15B42F00747CA4 /* Info.plist */,
				83960DF91F32A7E30075F490 /* OpenCVWrapper.h */,
				83960DFA1F32A7E30075F490 /* OpenCVWrapper.mm */,
				83960DF81F32A7E30075F490 /* Pupillometer-Bridging-Header.h */,
				EBB042451F49322200061432 /* Pupillometer.xcdatamodeld */,
				EBB042431F49273100061432 /* HistoryTableViewController.swift */,
				EBB042481F4937E000061432 /* PersonPageViewController.swift */,
				838D6CCB1F15B42F00747CA4 /* ViewController.swift */,
				EB47F2DE1F39F4660044D926 /* FirstCropViewController.swift */,
				EB47F2E21F39F47C0044D926 /* SecondCropViewController.swift */,
				EB47F2E41F39F9FA0044D926 /* ResultsViewController.swift */,
				EB7356C11F5BA096009E0241 /* sliderViewController.swift */,
				EB8FC6651F542B83009E30BC /* HowToViewController.swift */,
				EB26083F1F3FCF8100DEEFD0 /* ImportViewController.swift */,
				EB8FC6671F542D4F009E30BC /* customCell.swift */,
			);
			path = Pupillometer;
			sourceTree = "<group>";
		};
		838D6CDD1F15B42F00747CA4 /* PupillometerTests */ = {
			isa = PBXGroup;
			children = (
				838D6CDE1F15B42F00747CA4 /* PupillometerTests.swift */,
				838D6CE01F15B42F00747CA4 /* Info.plist */,
			);
			path = PupillometerTests;
			sourceTree = "<group>";
		};
		838D6CE81F15B42F00747CA4 /* PupillometerUITests */ = {
			isa = PBXGroup;
			children = (
				838D6CE91F15B42F00747CA4 /* PupillometerUITests.swift */,
				838D6CEB1F15B42F00747CA4 /* Info.plist */,
			);
			path = PupillometerUITests;
			sourceTree = "<group>";
		};
/* End PBXGroup section */

/* Begin PBXNativeTarget section */
		838D6CC51F15B42F00747CA4 /* Pupillometer */ = {
			isa = PBXNativeTarget;
			buildConfigurationList = 838D6CEE1F15B42F00747CA4 /* Build configuration list for PBXNativeTarget "Pupillometer" */;
			buildPhases = (
				838D6CC21F15B42F00747CA4 /* Sources */,
				838D6CC31F15B42F00747CA4 /* Frameworks */,
				838D6CC41F15B42F00747CA4 /* Resources */,
			);
			buildRules = (
			);
			dependencies = (
			);
			name = Pupillometer;
			productName = Pupillometer;
			productReference = 838D6CC61F15B42F00747CA4 /* Pupillometer.app */;
			productType = "com.apple.product-type.application";
		};
		838D6CD91F15B42F00747CA4 /* PupillometerTests */ = {
			isa = PBXNativeTarget;
			buildConfigurationList = 838D6CF11F15B42F00747CA4 /* Build configuration list for PBXNativeTarget "PupillometerTests" */;
			buildPhases = (
				838D6CD61F15B42F00747CA4 /* Sources */,
				838D6CD71F15B42F00747CA4 /* Frameworks */,
				838D6CD81F15B42F00747CA4 /* Resources */,
			);
			buildRules = (
			);
			dependencies = (
				838D6CDC1F15B42F00747CA4 /* PBXTargetDependency */,
			);
			name = PupillometerTests;
			productName = PupillometerTests;
			productReference = 838D6CDA1F15B42F00747CA4 /* PupillometerTests.xctest */;
			productType = "com.apple.product-type.bundle.unit-test";
		};
		838D6CE41F15B42F00747CA4 /* PupillometerUITests */ = {
			isa = PBXNativeTarget;
			buildConfigurationList = 838D6CF41F15B42F00747CA4 /* Build configuration list for PBXNativeTarget "PupillometerUITests" */;
			buildPhases = (
				838D6CE11F15B42F00747CA4 /* Sources */,
				838D6CE21F15B42F00747CA4 /* Frameworks */,
				838D6CE31F15B42F00747CA4 /* Resources */,
			);
			buildRules = (
			);
			dependencies = (
				838D6CE71F15B42F00747CA4 /* PBXTargetDependency */,
			);
			name = PupillometerUITests;
			productName = PupillometerUITests;
			productReference = 838D6CE51F15B42F00747CA4 /* PupillometerUITests.xctest */;
			productType = "com.apple.product-type.bundle.ui-testing";
		};
/* End PBXNativeTarget section */

/* Begin PBXProject section */
		838D6CBE1F15B42F00747CA4 /* Project object */ = {
			isa = PBXProject;
			attributes = {
				LastSwiftUpdateCheck = 0830;
				LastUpgradeCheck = 0830;
				ORGANIZATIONNAME = "Chris Hurley";
				TargetAttributes = {
					838D6CC51F15B42F00747CA4 = {
						CreatedOnToolsVersion = 8.3;
						DevelopmentTeam = 6758HC2X28;
						LastSwiftMigration = 0830;
						ProvisioningStyle = Automatic;
					};
					838D6CD91F15B42F00747CA4 = {
						CreatedOnToolsVersion = 8.3;
						DevelopmentTeam = 24SM6522LU;
						ProvisioningStyle = Automatic;
						TestTargetID = 838D6CC51F15B42F00747CA4;
					};
					838D6CE41F15B42F00747CA4 = {
						CreatedOnToolsVersion = 8.3;
						DevelopmentTeam = 24SM6522LU;
						ProvisioningStyle = Automatic;
						TestTargetID = 838D6CC51F15B42F00747CA4;
					};
				};
			};
			buildConfigurationList = 838D6CC11F15B42F00747CA4 /* Build configuration list for PBXProject "Pupillometer" */;
			compatibilityVersion = "Xcode 3.2";
			developmentRegion = English;
			hasScannedForEncodings = 0;
			knownRegions = (
				en,
				Base,
			);
			mainGroup = 838D6CBD1F15B42F00747CA4;
			productRefGroup = 838D6CC71F15B42F00747CA4 /* Products */;
			projectDirPath = "";
			projectRoot = "";
			targets = (
				838D6CC51F15B42F00747CA4 /* Pupillometer */,
				838D6CD91F15B42F00747CA4 /* PupillometerTests */,
				838D6CE41F15B42F00747CA4 /* PupillometerUITests */,
			);
		};
/* End PBXProject section */

/* Begin PBXResourcesBuildPhase section */
		838D6CC41F15B42F00747CA4 /* Resources */ = {
			isa = PBXResourcesBuildPhase;
			buildActionMask = 2147483647;
			files = (
				76F7A6AD1F29171F00C51FE1 /* bgc.png in Resources */,
				EB8FC6771F556E73009E30BC /* STEP_7.PNG in Resources */,
				76F7A6AB1F29152300C51FE1 /* loading6sp.png in Resources */,
				76F7A6B21F29CCA600C51FE1 /* HISTORY.png in Resources */,
				76F7A6B01F29CC9F00C51FE1 /* DETECT.png in Resources */,
				838D6CD41F15B42F00747CA4 /* LaunchScreen.storyboard in Resources */,
				76F7A6B41F29CCAD00C51FE1 /* HOWTOUSE.png in Resources */,
				83F202101F3AA8E5000CBC36 /* step4.png in Resources */,
				833861F71F45270000C279CF /* eyeoutline.png in Resources */,
				EB8FC6741F556E73009E30BC /* STEP_4.PNG in Resources */,
				764D1F931F5E182D003F3776 /* about.png in Resources */,
				EB8FC6781F556E73009E30BC /* STEP_8.PNG in Resources */,
				838D6CD11F15B42F00747CA4 /* Assets.xcassets in Resources */,
				EB8FC6751F556E73009E30BC /* STEP_5.PNG in Resources */,
				764D1F951F5E2F83003F3776 /* default_photo.png in Resources */,
				76F7A6B61F29CCB300C51FE1 /* DELETE.png in Resources */,
				EB8FC6731F556E73009E30BC /* STEP_3.PNG in Resources */,
				EB8FC6721F556E73009E30BC /* STEP_2.PNG in Resources */,
				83F2020F1F3AA8E5000CBC36 /* step3.png in Resources */,
				83F2020D1F3AA8E5000CBC36 /* step1.png in Resources */,
				EB8FC67A1F556E73009E30BC /* STEP_10.PNG in Resources */,
				76F7A6B81F29CCC200C51FE1 /* connectivity-bar.png in Resources */,
				EB8FC6791F556E73009E30BC /* STEP_9.PNG in Resources */,
				764D1F9A1F5E87FB003F3776 /* white_overlay .png in Resources */,
				83F2020E1F3AA8E5000CBC36 /* step2.png in Resources */,
				EB8FC6761F556E73009E30BC /* STEP_6.PNG in Resources */,
				838D6CCF1F15B42F00747CA4 /* Main.storyboard in Resources */,
			);
			runOnlyForDeploymentPostprocessing = 0;
		};
		838D6CD81F15B42F00747CA4 /* Resources */ = {
			isa = PBXResourcesBuildPhase;
			buildActionMask = 2147483647;
			files = (
			);
			runOnlyForDeploymentPostprocessing = 0;
		};
		838D6CE31F15B42F00747CA4 /* Resources */ = {
			isa = PBXResourcesBuildPhase;
			buildActionMask = 2147483647;
			files = (
			);
			runOnlyForDeploymentPostprocessing = 0;
		};
/* End PBXResourcesBuildPhase section */

/* Begin PBXSourcesBuildPhase section */
		838D6CC21F15B42F00747CA4 /* Sources */ = {
			isa = PBXSourcesBuildPhase;
			buildActionMask = 2147483647;
			files = (
				EBB042441F49273100061432 /* HistoryTableViewController.swift in Sources */,
				838D6CCC1F15B42F00747CA4 /* ViewController.swift in Sources */,
				838D6CCA1F15B42F00747CA4 /* AppDelegate.swift in Sources */,
				EB8FC6681F542D4F009E30BC /* customCell.swift in Sources */,
				EB8FC6661F542B83009E30BC /* HowToViewController.swift in Sources */,
				EB47F2E01F39F4660044D926 /* FirstCropViewController.swift in Sources */,
				83960DFB1F32A7E30075F490 /* OpenCVWrapper.mm in Sources */,
				EB47F2E31F39F47C0044D926 /* SecondCropViewController.swift in Sources */,
				EBB042491F4937E000061432 /* PersonPageViewController.swift in Sources */,
				EB7356C21F5BA096009E0241 /* sliderViewController.swift in Sources */,
				EBB042471F49322200061432 /* Pupillometer.xcdatamodeld in Sources */,
				EB47F2E51F39F9FA0044D926 /* ResultsViewController.swift in Sources */,
				EB2608401F3FCF8100DEEFD0 /* ImportViewController.swift in Sources */,
			);
			runOnlyForDeploymentPostprocessing = 0;
		};
		838D6CD61F15B42F00747CA4 /* Sources */ = {
			isa = PBXSourcesBuildPhase;
			buildActionMask = 2147483647;
			files = (
				838D6CDF1F15B42F00747CA4 /* PupillometerTests.swift in Sources */,
			);
			runOnlyForDeploymentPostprocessing = 0;
		};
		838D6CE11F15B42F00747CA4 /* Sources */ = {
			isa = PBXSourcesBuildPhase;
			buildActionMask = 2147483647;
			files = (
				838D6CEA1F15B42F00747CA4 /* PupillometerUITests.swift in Sources */,
			);
			runOnlyForDeploymentPostprocessing = 0;
		};
/* End PBXSourcesBuildPhase section */

/* Begin PBXTargetDependency section */
		838D6CDC1F15B42F00747CA4 /* PBXTargetDependency */ = {
			isa = PBXTargetDependency;
			target = 838D6CC51F15B42F00747CA4 /* Pupillometer */;
			targetProxy = 838D6CDB1F15B42F00747CA4 /* PBXContainerItemProxy */;
		};
		838D6CE71F15B42F00747CA4 /* PBXTargetDependency */ = {
			isa = PBXTargetDependency;
			target = 838D6CC51F15B42F00747CA4 /* Pupillometer */;
			targetProxy = 838D6CE61F15B42F00747CA4 /* PBXContainerItemProxy */;
		};
/* End PBXTargetDependency section */

/* Begin PBXVariantGroup section */
		838D6CCD1F15B42F00747CA4 /* Main.storyboard */ = {
			isa = PBXVariantGroup;
			children = (
				838D6CCE1F15B42F00747CA4 /* Base */,
			);
			name = Main.storyboard;
			sourceTree = "<group>";
		};
		838D6CD21F15B42F00747CA4 /* LaunchScreen.storyboard */ = {
			isa = PBXVariantGroup;
			children = (
				838D6CD31F15B42F00747CA4 /* Base */,
			);
			name = LaunchScreen.storyboard;
			sourceTree = "<group>";
		};
/* End PBXVariantGroup section */

/* Begin XCBuildConfiguration section */
		838D6CEC1F15B42F00747CA4 /* Debug */ = {
			isa = XCBuildConfiguration;
			buildSettings = {
				ALWAYS_SEARCH_USER_PATHS = NO;
				CLANG_ANALYZER_NONNULL = YES;
				CLANG_ANALYZER_NUMBER_OBJECT_CONVERSION = YES_AGGRESSIVE;
				CLANG_CXX_LANGUAGE_STANDARD = "gnu++0x";
				CLANG_CXX_LIBRARY = "libc++";
				CLANG_ENABLE_MODULES = YES;
				CLANG_ENABLE_OBJC_ARC = YES;
				CLANG_WARN_BOOL_CONVERSION = YES;
				CLANG_WARN_CONSTANT_CONVERSION = YES;
				CLANG_WARN_DIRECT_OBJC_ISA_USAGE = YES_ERROR;
				CLANG_WARN_DOCUMENTATION_COMMENTS = YES;
				CLANG_WARN_EMPTY_BODY = YES;
				CLANG_WARN_ENUM_CONVERSION = YES;
				CLANG_WARN_INFINITE_RECURSION = YES;
				CLANG_WARN_INT_CONVERSION = YES;
				CLANG_WARN_OBJC_ROOT_CLASS = YES_ERROR;
				CLANG_WARN_SUSPICIOUS_MOVE = YES;
				CLANG_WARN_UNREACHABLE_CODE = YES;
				CLANG_WARN__DUPLICATE_METHOD_MATCH = YES;
				"CODE_SIGN_IDENTITY[sdk=iphoneos*]" = "iPhone Developer";
				COPY_PHASE_STRIP = NO;
				DEBUG_INFORMATION_FORMAT = dwarf;
				ENABLE_STRICT_OBJC_MSGSEND = YES;
				ENABLE_TESTABILITY = YES;
				GCC_C_LANGUAGE_STANDARD = gnu99;
				GCC_DYNAMIC_NO_PIC = NO;
				GCC_NO_COMMON_BLOCKS = YES;
				GCC_OPTIMIZATION_LEVEL = 0;
				GCC_PREPROCESSOR_DEFINITIONS = (
					"DEBUG=1",
					"$(inherited)",
				);
				GCC_WARN_64_TO_32_BIT_CONVERSION = YES;
				GCC_WARN_ABOUT_RETURN_TYPE = YES_ERROR;
				GCC_WARN_UNDECLARED_SELECTOR = YES;
				GCC_WARN_UNINITIALIZED_AUTOS = YES_AGGRESSIVE;
				GCC_WARN_UNUSED_FUNCTION = YES;
				GCC_WARN_UNUSED_VARIABLE = YES;
				IPHONEOS_DEPLOYMENT_TARGET = 10.3;
				MTL_ENABLE_DEBUG_INFO = YES;
				ONLY_ACTIVE_ARCH = YES;
				SDKROOT = iphoneos;
				SWIFT_ACTIVE_COMPILATION_CONDITIONS = DEBUG;
				SWIFT_OPTIMIZATION_LEVEL = "-Onone";
			};
			name = Debug;
		};
		838D6CED1F15B42F00747CA4 /* Release */ = {
			isa = XCBuildConfiguration;
			buildSettings = {
				ALWAYS_SEARCH_USER_PATHS = NO;
				CLANG_ANALYZER_NONNULL = YES;
				CLANG_ANALYZER_NUMBER_OBJECT_CONVERSION = YES_AGGRESSIVE;
				CLANG_CXX_LANGUAGE_STANDARD = "gnu++0x";
				CLANG_CXX_LIBRARY = "libc++";
				CLANG_ENABLE_MODULES = YES;
				CLANG_ENABLE_OBJC_ARC = YES;
				CLANG_WARN_BOOL_CONVERSION = YES;
				CLANG_WARN_CONSTANT_CONVERSION = YES;
				CLANG_WARN_DIRECT_OBJC_ISA_USAGE = YES_ERROR;
				CLANG_WARN_DOCUMENTATION_COMMENTS = YES;
				CLANG_WARN_EMPTY_BODY = YES;
				CLANG_WARN_ENUM_CONVERSION = YES;
				CLANG_WARN_INFINITE_RECURSION = YES;
				CLANG_WARN_INT_CONVERSION = YES;
				CLANG_WARN_OBJC_ROOT_CLASS = YES_ERROR;
				CLANG_WARN_SUSPICIOUS_MOVE = YES;
				CLANG_WARN_UNREACHABLE_CODE = YES;
				CLANG_WARN__DUPLICATE_METHOD_MATCH = YES;
				"CODE_SIGN_IDENTITY[sdk=iphoneos*]" = "iPhone Developer";
				COPY_PHASE_STRIP = NO;
				DEBUG_INFORMATION_FORMAT = "dwarf-with-dsym";
				ENABLE_NS_ASSERTIONS = NO;
				ENABLE_STRICT_OBJC_MSGSEND = YES;
				GCC_C_LANGUAGE_STANDARD = gnu99;
				GCC_NO_COMMON_BLOCKS = YES;
				GCC_WARN_64_TO_32_BIT_CONVERSION = YES;
				GCC_WARN_ABOUT_RETURN_TYPE = YES_ERROR;
				GCC_WARN_UNDECLARED_SELECTOR = YES;
				GCC_WARN_UNINITIALIZED_AUTOS = YES_AGGRESSIVE;
				GCC_WARN_UNUSED_FUNCTION = YES;
				GCC_WARN_UNUSED_VARIABLE = YES;
				IPHONEOS_DEPLOYMENT_TARGET = 10.3;
				MTL_ENABLE_DEBUG_INFO = NO;
				SDKROOT = iphoneos;
				SWIFT_OPTIMIZATION_LEVEL = "-Owholemodule";
				VALIDATE_PRODUCT = YES;
			};
			name = Release;
		};
		838D6CEF1F15B42F00747CA4 /* Debug */ = {
			isa = XCBuildConfiguration;
			buildSettings = {
				ASSETCATALOG_COMPILER_APPICON_NAME = AppIcon;
				CLANG_ENABLE_MODULES = YES;
				DEVELOPMENT_TEAM = 6758HC2X28;
				Deployment = "";
				"Deployment[arch=*]" = "";
				FRAMEWORK_SEARCH_PATHS = (
					"$(inherited)",
					"$(PROJECT_DIR)/Pupillometer",
				);
				INFOPLIST_FILE = Pupillometer/Info.plist;
				IPHONEOS_DEPLOYMENT_TARGET = 10.0;
				LD_RUNPATH_SEARCH_PATHS = "$(inherited) @executable_path/Frameworks";
				PRODUCT_BUNDLE_IDENTIFIER = christest.Pupillometer;
				PRODUCT_NAME = "$(TARGET_NAME)";
				SWIFT_OBJC_BRIDGING_HEADER = "Pupillometer/Pupillometer-Bridging-Header.h";
				SWIFT_OPTIMIZATION_LEVEL = "-Onone";
				SWIFT_VERSION = 3.0;
			};
			name = Debug;
		};
		838D6CF01F15B42F00747CA4 /* Release */ = {
			isa = XCBuildConfiguration;
			buildSettings = {
				ASSETCATALOG_COMPILER_APPICON_NAME = AppIcon;
				CLANG_ENABLE_MODULES = YES;
				DEVELOPMENT_TEAM = 6758HC2X28;
				Deployment = "";
				FRAMEWORK_SEARCH_PATHS = (
					"$(inherited)",
					"$(PROJECT_DIR)/Pupillometer",
				);
				INFOPLIST_FILE = Pupillometer/Info.plist;
				IPHONEOS_DEPLOYMENT_TARGET = 10.0;
				LD_RUNPATH_SEARCH_PATHS = "$(inherited) @executable_path/Frameworks";
				PRODUCT_BUNDLE_IDENTIFIER = christest.Pupillometer;
				PRODUCT_NAME = "$(TARGET_NAME)";
				SWIFT_OBJC_BRIDGING_HEADER = "Pupillometer/Pupillometer-Bridging-Header.h";
				SWIFT_VERSION = 3.0;
			};
			name = Release;
		};
		838D6CF21F15B42F00747CA4 /* Debug */ = {
			isa = XCBuildConfiguration;
			buildSettings = {
				ALWAYS_EMBED_SWIFT_STANDARD_LIBRARIES = YES;
				BUNDLE_LOADER = "$(TEST_HOST)";
				DEVELOPMENT_TEAM = 24SM6522LU;
				INFOPLIST_FILE = PupillometerTests/Info.plist;
				LD_RUNPATH_SEARCH_PATHS = "$(inherited) @executable_path/Frameworks @loader_path/Frameworks";
				PRODUCT_BUNDLE_IDENTIFIER = chris.PupillometerTests;
				PRODUCT_NAME = "$(TARGET_NAME)";
				SWIFT_VERSION = 3.0;
				TEST_HOST = "$(BUILT_PRODUCTS_DIR)/Pupillometer.app/Pupillometer";
			};
			name = Debug;
		};
		838D6CF31F15B42F00747CA4 /* Release */ = {
			isa = XCBuildConfiguration;
			buildSettings = {
				ALWAYS_EMBED_SWIFT_STANDARD_LIBRARIES = YES;
				BUNDLE_LOADER = "$(TEST_HOST)";
				DEVELOPMENT_TEAM = 24SM6522LU;
				INFOPLIST_FILE = PupillometerTests/Info.plist;
				LD_RUNPATH_SEARCH_PATHS = "$(inherited) @executable_path/Frameworks @loader_path/Frameworks";
				PRODUCT_BUNDLE_IDENTIFIER = chris.PupillometerTests;
				PRODUCT_NAME = "$(TARGET_NAME)";
				SWIFT_VERSION = 3.0;
				TEST_HOST = "$(BUILT_PRODUCTS_DIR)/Pupillometer.app/Pupillometer";
			};
			name = Release;
		};
		838D6CF51F15B42F00747CA4 /* Debug */ = {
			isa = XCBuildConfiguration;
			buildSettings = {
				ALWAYS_EMBED_SWIFT_STANDARD_LIBRARIES = YES;
				DEVELOPMENT_TEAM = 24SM6522LU;
				INFOPLIST_FILE = PupillometerUITests/Info.plist;
				LD_RUNPATH_SEARCH_PATHS = "$(inherited) @executable_path/Frameworks @loader_path/Frameworks";
				PRODUCT_BUNDLE_IDENTIFIER = chris.PupillometerUITests;
				PRODUCT_NAME = "$(TARGET_NAME)";
				SWIFT_VERSION = 3.0;
				TEST_TARGET_NAME = Pupillometer;
			};
			name = Debug;
		};
		838D6CF61F15B42F00747CA4 /* Release */ = {
			isa = XCBuildConfiguration;
			buildSettings = {
				ALWAYS_EMBED_SWIFT_STANDARD_LIBRARIES = YES;
				DEVELOPMENT_TEAM = 24SM6522LU;
				INFOPLIST_FILE = PupillometerUITests/Info.plist;
				LD_RUNPATH_SEARCH_PATHS = "$(inherited) @executable_path/Frameworks @loader_path/Frameworks";
				PRODUCT_BUNDLE_IDENTIFIER = chris.PupillometerUITests;
				PRODUCT_NAME = "$(TARGET_NAME)";
				SWIFT_VERSION = 3.0;
				TEST_TARGET_NAME = Pupillometer;
			};
			name = Release;
		};
/* End XCBuildConfiguration section */

/* Begin XCConfigurationList section */
		838D6CC11F15B42F00747CA4 /* Build configuration list for PBXProject "Pupillometer" */ = {
			isa = XCConfigurationList;
			buildConfigurations = (
				838D6CEC1F15B42F00747CA4 /* Debug */,
				838D6CED1F15B42F00747CA4 /* Release */,
			);
			defaultConfigurationIsVisible = 0;
			defaultConfigurationName = Release;
		};
		838D6CEE1F15B42F00747CA4 /* Build configuration list for PBXNativeTarget "Pupillometer" */ = {
			isa = XCConfigurationList;
			buildConfigurations = (
				838D6CEF1F15B42F00747CA4 /* Debug */,
				838D6CF01F15B42F00747CA4 /* Release */,
			);
			defaultConfigurationIsVisible = 0;
			defaultConfigurationName = Release;
		};
		838D6CF11F15B42F00747CA4 /* Build configuration list for PBXNativeTarget "PupillometerTests" */ = {
			isa = XCConfigurationList;
			buildConfigurations = (
				838D6CF21F15B42F00747CA4 /* Debug */,
				838D6CF31F15B42F00747CA4 /* Release */,
			);
			defaultConfigurationIsVisible = 0;
			defaultConfigurationName = Release;
		};
		838D6CF41F15B42F00747CA4 /* Build configuration list for PBXNativeTarget "PupillometerUITests" */ = {
			isa = XCConfigurationList;
			buildConfigurations = (
				838D6CF51F15B42F00747CA4 /* Debug */,
				838D6CF61F15B42F00747CA4 /* Release */,
			);
			defaultConfigurationIsVisible = 0;
			defaultConfigurationName = Release;
		};
/* End XCConfigurationList section */

/* Begin XCVersionGroup section */
		EBB042451F49322200061432 /* Pupillometer.xcdatamodeld */ = {
			isa = XCVersionGroup;
			children = (
				EBB042461F49322200061432 /* Pupillometer.xcdatamodel */,
			);
			currentVersion = EBB042461F49322200061432 /* Pupillometer.xcdatamodel */;
			path = Pupillometer.xcdatamodeld;
			sourceTree = "<group>";
			versionGroupType = wrapper.xcdatamodel;
		};
/* End XCVersionGroup section */
	};
	rootObject = 838D6CBE1F15B42F00747CA4 /* Project object */;
}
